
Microsoft Visual Studio Solution File, Format Version 12.00
# Visual Studio 15
VisualStudioVersion = 15.0.27130.2024
MinimumVisualStudioVersion = 10.0.40219.1
Project("{8BC9CEB8-8B4A-11D0-8D11-00A0C91BC942}") = "线性表插入删除", "数据结构\数据结构.vcxproj", "{2217F1B7-AABB-469A-AE7D-EEE0FA957709}"
EndProject
Project("{8BC9CEB8-8B4A-11D0-8D11-00A0C91BC942}") = "Agri-Net", "Agri-Net\Agri-Net.vcxproj", "{623FA078-E9E0-4D3F-9354-0B6DFA6E7A4F}"
EndProject
Project("{8BC9CEB8-8B4A-11D0-8D11-00A0C91BC942}") = "测试临时代码区", "测试临时代码区\测试临时代码区.vcxproj", "{58BA6300-9DC0-4E6B-AA97-57BA9EBD581B}"
EndProject
Project("{8BC9CEB8-8B4A-11D0-8D11-00A0C91BC942}") = "最短路", "最短路\最短路.vcxproj", "{46F35EF4-FDE2-4AE0-9104-1ECCD44E3CA5}"
EndProject
Project("{8BC9CEB8-8B4A-11D0-8D11-00A0C91BC942}") = "迷宫问题II", "迷宫问题II\迷宫问题II.vcxproj", "{63E6F764-A1B3-4A46-ABED-18ABEA7E2453}"
EndProject
Project("{8BC9CEB8-8B4A-11D0-8D11-00A0C91BC942}") = "Hat’s Words", "Hat’s Words\Hat’s Words.vcxproj", "{98095285-A0BC-40C6-B040-9003A3B3232E}"
EndProject
Project("{8BC9CEB8-8B4A-11D0-8D11-00A0C91BC942}") = "Compound Words", "Compound Words\Compound Words.vcxproj", "{B48ECD5B-F892-4060-BD15-097FA2DC9F6E}"
EndProject
Project("{8BC9CEB8-8B4A-11D0-8D11-00A0C91BC942}") = "二叉树的繁茂度", "二叉树的繁茂度\二叉树的繁茂度.vcxproj", "{C73D9D4C-D598-484D-B946-501447F9BC4C}"
EndProject
Project("{8BC9CEB8-8B4A-11D0-8D11-00A0C91BC942}") = "数据结构实验：删除链表元素", "数据结构实验：删除链表元素\数据结构实验：删除链表元素.vcxproj", "{B31B410D-D55C-4D3D-9B9E-591439150082}"
EndProject
Project("{8BC9CEB8-8B4A-11D0-8D11-00A0C91BC942}") = "一元多项式的乘法与加法运算", "一元多项式的乘法与加法运算\一元多项式的乘法与加法运算.vcxproj", "{EC62D9AD-1158-44B6-A405-F34DED63E09F}"
EndProject
Project("{8BC9CEB8-8B4A-11D0-8D11-00A0C91BC942}") = "最大子列和问题", "最大子列和问题\最大子列和问题.vcxproj", "{B0570E63-2537-4D23-8221-20E8C0CB920F}"
EndProject
Project("{8BC9CEB8-8B4A-11D0-8D11-00A0C91BC942}") = "玩转二叉树", "玩转二叉树\玩转二叉树.vcxproj", "{C7980183-B894-4C57-AB4C-D582CDF7834A}"
EndProject
Project("{8BC9CEB8-8B4A-11D0-8D11-00A0C91BC942}") = "表达式求值", "表达式求值\表达式求值.vcxproj", "{C71E0C07-7904-4C9C-A7FF-E8A630F086D5}"
EndProject
Project("{8BC9CEB8-8B4A-11D0-8D11-00A0C91BC942}") = "Maximum Subsequence Sum", "Maximum Subsequence Sum\Maximum Subsequence Sum.vcxproj", "{2BD91AED-99BE-4431-A24A-2A2FD4985D65}"
EndProject
Project("{8BC9CEB8-8B4A-11D0-8D11-00A0C91BC942}") = "数据结构实验：循环单链表", "数据结构实验：循环单链表\数据结构实验：循环单链表.vcxproj", "{98B07617-F622-44CF-8932-BBE9ABD2F910}"
EndProject
Project("{8BC9CEB8-8B4A-11D0-8D11-00A0C91BC942}") = "打印选课学生名单", "打印选课学生名单\打印选课学生名单.vcxproj", "{129ED000-1F3D-4E74-9B5D-374F3302C7B5}"
EndProject
Project("{8BC9CEB8-8B4A-11D0-8D11-00A0C91BC942}") = "树的同构", "树的同构\树的同构.vcxproj", "{3DC3FB64-B694-436F-8862-26D2D912E094}"
EndProject
Project("{8BC9CEB8-8B4A-11D0-8D11-00A0C91BC942}") = "List Leaves", "List Leaves\List Leaves.vcxproj", "{8612348C-E888-4AEA-A1BB-26B7C99C1A1B}"
EndProject
Project("{8BC9CEB8-8B4A-11D0-8D11-00A0C91BC942}") = "Tree Traversals Again", "Tree Traversals Again\Tree Traversals Again.vcxproj", "{6982DA24-E773-494C-9ADF-02927A9A6D25}"
EndProject
Project("{8BC9CEB8-8B4A-11D0-8D11-00A0C91BC942}") = "Reversing Linked List", "Reversing Linked List\Reversing Linked List.vcxproj", "{FF51A542-7AE8-4D03-AB22-D1FDD8D449CB}"
EndProject
Project("{8BC9CEB8-8B4A-11D0-8D11-00A0C91BC942}") = "Pop Sequence", "Pop Sequence\Pop Sequence.vcxproj", "{B19FF83D-14D3-46CC-B862-754B3E5BC112}"
EndProject
Project("{8BC9CEB8-8B4A-11D0-8D11-00A0C91BC942}") = "Root of AVL Tree", "Root of AVL Tree\Root of AVL Tree.vcxproj", "{E9F6E5FD-678C-4691-AF63-8AFDFD6A58EC}"
EndProject
Project("{8BC9CEB8-8B4A-11D0-8D11-00A0C91BC942}") = "二叉搜索树的操作集", "二叉搜索树的操作集\二叉搜索树的操作集.vcxproj", "{5CFBC7C0-EB7D-444F-950A-0F9AE3EB9BD4}"
EndProject
Project("{8BC9CEB8-8B4A-11D0-8D11-00A0C91BC942}") = "Complete Binary Search Tree", "Complete Binary Search Tree\Complete Binary Search Tree.vcxproj", "{2DB62F81-55E0-4E1C-BE4B-E61DC6A3A35C}"
EndProject
Project("{8BC9CEB8-8B4A-11D0-8D11-00A0C91BC942}") = "银行业务队列简单模拟", "银行业务队列简单模拟\银行业务队列简单模拟.vcxproj", "{457FEFFC-43FD-426B-B6E3-B6C4190D7EF2}"
EndProject
Project("{8BC9CEB8-8B4A-11D0-8D11-00A0C91BC942}") = "单链表逆转", "单链表逆转\单链表逆转.vcxproj", "{F000BA69-3DAA-42D4-AA9B-DABD5E0843CA}"
EndProject
Project("{8BC9CEB8-8B4A-11D0-8D11-00A0C91BC942}") = "链式表操作集", "链式表操作集\链式表操作集.vcxproj", "{70D49CD6-25D3-4037-B3F4-37564D34852E}"
EndProject
Project("{8BC9CEB8-8B4A-11D0-8D11-00A0C91BC942}") = "线性结构1 两个有序链表序列的合并", "线性结构1 两个有序链表序列的合并\线性结构1 两个有序链表序列的合并.vcxproj", "{CAC00DF2-D924-4EDE-BAF6-BE2430794F1E}"
EndProject
Project("{8BC9CEB8-8B4A-11D0-8D11-00A0C91BC942}") = "线性结构2 一元多项式的乘法与加法运算", "线性结构2 一元多项式的乘法与加法运算\线性结构2 一元多项式的乘法与加法运算.vcxproj", "{8BE5DB40-0626-4100-8125-7D40E3E7E6BB}"
EndProject
Project("{8BC9CEB8-8B4A-11D0-8D11-00A0C91BC942}") = "二叉树后序遍历非递归实现", "二叉树后序遍历非递归实现\二叉树后序遍历非递归实现.vcxproj", "{6CEA0B93-26B1-4BE2-A1BE-44D85109A2C8}"
EndProject
Project("{8BC9CEB8-8B4A-11D0-8D11-00A0C91BC942}") = "堆中的路径", "堆中的路径\堆中的路径.vcxproj", "{EE18F3AE-87C7-42F5-8FD4-904400E9E20C}"
EndProject
Project("{8BC9CEB8-8B4A-11D0-8D11-00A0C91BC942}") = "File Transfer", "File Transfer\File Transfer.vcxproj", "{57358786-4702-4A2A-8C3A-D0E48D6856A6}"
EndProject
Project("{8BC9CEB8-8B4A-11D0-8D11-00A0C91BC942}") = "Huffman Codes", "Huffman Codes\Huffman Codes.vcxproj", "{93886EA4-1EDD-4A68-A018-4266FCE077F6}"
EndProject
Project("{8BC9CEB8-8B4A-11D0-8D11-00A0C91BC942}") = "数据结构―逆波兰表达式", "数据结构―逆波兰表达式\数据结构―逆波兰表达式.vcxproj", "{4B4FA49C-3E93-4DF7-8D4C-0D36F55799C8}"
EndProject
Project("{8BC9CEB8-8B4A-11D0-8D11-00A0C91BC942}") = "列出连通集", "列出连通集\列出连通集.vcxproj", "{9773F1F7-B85E-49A6-9612-532DFFBBBCD0}"
EndProject
Project("{8BC9CEB8-8B4A-11D0-8D11-00A0C91BC942}") = "Saving James Bond - Easy Version", "Saving James Bond - Easy Version\Saving James Bond - Easy Version.vcxproj", "{3D6C6826-5F22-4A3E-AF91-E37D3BDBF12E}"
EndProject
Project("{8BC9CEB8-8B4A-11D0-8D11-00A0C91BC942}") = "Web Navigation", "Web Navigation\Web Navigation.vcxproj", "{77D79971-A145-49B2-8DC8-85258C133E2E}"
EndProject
Project("{8BC9CEB8-8B4A-11D0-8D11-00A0C91BC942}") = "栈之Train Problem I", "栈之Train Problem I\栈之Train Problem I.vcxproj", "{F0958396-EB55-40D6-85A8-3A624F2E875F}"
EndProject
Project("{8BC9CEB8-8B4A-11D0-8D11-00A0C91BC942}") = "数据结构练习题――括号匹配", "数据结构练习题――括号匹配\数据结构练习题――括号匹配.vcxproj", "{F504257B-B4EA-4333-AFEB-EAE1CA446EFC}"
EndProject
Project("{8BC9CEB8-8B4A-11D0-8D11-00A0C91BC942}") = "数据结构练习题――分油问题", "数据结构练习题――分油问题\数据结构练习题――分油问题.vcxproj", "{AF04C43B-78E6-4C9F-8C69-5E9AC8AA9DCF}"
EndProject
Project("{8BC9CEB8-8B4A-11D0-8D11-00A0C91BC942}") = "Period", "Period\Period.vcxproj", "{E02B23B6-7A2A-4CFE-9620-2B5C3B368F05}"
EndProject
Project("{8BC9CEB8-8B4A-11D0-8D11-00A0C91BC942}") = "Power Strings", "Power Strings\Power Strings.vcxproj", "{D89EB1D4-0277-41F6-B218-ED86A0E6A2AF}"
EndProject
Project("{8BC9CEB8-8B4A-11D0-8D11-00A0C91BC942}") = "稀疏矩阵", "稀疏矩阵\稀疏矩阵.vcxproj", "{F28123B4-22B2-4E7E-8FAE-C6D9760AD5EC}"
EndProject
Project("{8BC9CEB8-8B4A-11D0-8D11-00A0C91BC942}") = "稀疏矩阵转置", "稀疏矩阵转置\稀疏矩阵转置.vcxproj", "{35291698-0032-497A-A118-2F29074F6914}"
EndProject
Project("{8BC9CEB8-8B4A-11D0-8D11-00A0C91BC942}") = "稀疏矩阵相乘", "稀疏矩阵相乘\稀疏矩阵相乘.vcxproj", "{648CB8CF-9BD7-46A6-B730-9A4A370070FC}"
EndProject
Project("{8BC9CEB8-8B4A-11D0-8D11-00A0C91BC942}") = "数据结构练习题――二叉树遍历", "数据结构练习题――二叉树遍历\数据结构练习题――二叉树遍历.vcxproj", "{75B8CC50-70C4-4490-B7E7-AF813A0CCCE2}"
EndProject
Project("{8BC9CEB8-8B4A-11D0-8D11-00A0C91BC942}") = "数据结构练习题――先序遍历二叉树", "数据结构练习题――先序遍历二叉树\数据结构练习题――先序遍历二叉树.vcxproj", "{0BAD9033-5853-4DF8-AC13-C562FFF8AA01}"
EndProject
Project("{8BC9CEB8-8B4A-11D0-8D11-00A0C91BC942}") = "排序1 排序", "排序1 排序\排序1 排序.vcxproj", "{4CB67316-652F-48AE-9425-6C37A0ADE8CD}"
EndProject
Project("{8BC9CEB8-8B4A-11D0-8D11-00A0C91BC942}") = "Insert or Merge", "Insert or Merge\Insert or Merge.vcxproj", "{0D09E404-F1A0-45B3-96CB-F5A68FD1BF5D}"
EndProject
Project("{8BC9CEB8-8B4A-11D0-8D11-00A0C91BC942}") = "Insertion or Heap Sort", "Insertion or Heap Sort\Insertion or Heap Sort.vcxproj", "{0F802535-8D6A-4E3F-B98C-E4CF55984CC5}"
EndProject
Project("{8BC9CEB8-8B4A-11D0-8D11-00A0C91BC942}") = "排序4 统计工龄", "排序4 统计工龄\排序4 统计工龄.vcxproj", "{93729E11-DB83-40C1-B37E-163C1DE03F6E}"
EndProject
Project("{8BC9CEB8-8B4A-11D0-8D11-00A0C91BC942}") = "排序5 PAT Judge", "排序5 PAT Judge\排序5 PAT Judge.vcxproj", "{2614139D-8B37-4CAC-A93B-D4A0E4961DCA}"
EndProject
Project("{8BC9CEB8-8B4A-11D0-8D11-00A0C91BC942}") = "排序6 Sort with Swap(0, i)", "排序6 Sort with Swap(0, i)\排序6 Sort with Swap(0, i).vcxproj", "{8871E32C-A06F-4A74-8468-35B2144D82C8}"
EndProject
Project("{8BC9CEB8-8B4A-11D0-8D11-00A0C91BC942}") = "二叉树的线索化", "二叉树的线索化\二叉树的线索化.vcxproj", "{3DFA50F8-ECB4-4A35-A738-A7C7CFF6CF08}"
EndProject
Project("{8BC9CEB8-8B4A-11D0-8D11-00A0C91BC942}") = "散列1 电话聊天狂人", "散列1 电话聊天狂人\散列1 电话聊天狂人.vcxproj", "{10E3FAC1-66D8-450C-98D2-D37ECBFC945E}"
EndProject
Project("{8BC9CEB8-8B4A-11D0-8D11-00A0C91BC942}") = "二叉排序树", "二叉排序树\二叉排序树.vcxproj", "{A988ED02-512E-4154-848A-23CECB3EEF1A}"
EndProject
Project("{8BC9CEB8-8B4A-11D0-8D11-00A0C91BC942}") = "散列2 Hashing", "散列2 Hashing\散列2 Hashing.vcxproj", "{0246C713-C3A5-4BB3-A5FE-969CF76E2F92}"
EndProject
Project("{8BC9CEB8-8B4A-11D0-8D11-00A0C91BC942}") = "散列3 QQ帐户的申请与登陆", "散列3 QQ帐户的申请与登陆\散列3 QQ帐户的申请与登陆.vcxproj", "{D887730E-4231-4DFC-BD5E-6CE3D75A4FE4}"
EndProject
Global
	GlobalSection(SolutionConfigurationPlatforms) = preSolution
		Debug|x64 = Debug|x64
		Debug|x86 = Debug|x86
		Release|x64 = Release|x64
		Release|x86 = Release|x86
	EndGlobalSection
	GlobalSection(ProjectConfigurationPlatforms) = postSolution
		{2217F1B7-AABB-469A-AE7D-EEE0FA957709}.Debug|x64.ActiveCfg = Debug|x64
		{2217F1B7-AABB-469A-AE7D-EEE0FA957709}.Debug|x64.Build.0 = Debug|x64
		{2217F1B7-AABB-469A-AE7D-EEE0FA957709}.Debug|x86.ActiveCfg = Debug|Win32
		{2217F1B7-AABB-469A-AE7D-EEE0FA957709}.Debug|x86.Build.0 = Debug|Win32
		{2217F1B7-AABB-469A-AE7D-EEE0FA957709}.Release|x64.ActiveCfg = Release|x64
		{2217F1B7-AABB-469A-AE7D-EEE0FA957709}.Release|x64.Build.0 = Release|x64
		{2217F1B7-AABB-469A-AE7D-EEE0FA957709}.Release|x86.ActiveCfg = Release|Win32
		{2217F1B7-AABB-469A-AE7D-EEE0FA957709}.Release|x86.Build.0 = Release|Win32
		{623FA078-E9E0-4D3F-9354-0B6DFA6E7A4F}.Debug|x64.ActiveCfg = Debug|x64
		{623FA078-E9E0-4D3F-9354-0B6DFA6E7A4F}.Debug|x64.Build.0 = Debug|x64
		{623FA078-E9E0-4D3F-9354-0B6DFA6E7A4F}.Debug|x86.ActiveCfg = Debug|Win32
		{623FA078-E9E0-4D3F-9354-0B6DFA6E7A4F}.Debug|x86.Build.0 = Debug|Win32
		{623FA078-E9E0-4D3F-9354-0B6DFA6E7A4F}.Release|x64.ActiveCfg = Release|x64
		{623FA078-E9E0-4D3F-9354-0B6DFA6E7A4F}.Release|x64.Build.0 = Release|x64
		{623FA078-E9E0-4D3F-9354-0B6DFA6E7A4F}.Release|x86.ActiveCfg = Release|Win32
		{623FA078-E9E0-4D3F-9354-0B6DFA6E7A4F}.Release|x86.Build.0 = Release|Win32
		{58BA6300-9DC0-4E6B-AA97-57BA9EBD581B}.Debug|x64.ActiveCfg = Debug|x64
		{58BA6300-9DC0-4E6B-AA97-57BA9EBD581B}.Debug|x64.Build.0 = Debug|x64
		{58BA6300-9DC0-4E6B-AA97-57BA9EBD581B}.Debug|x86.ActiveCfg = Debug|Win32
		{58BA6300-9DC0-4E6B-AA97-57BA9EBD581B}.Debug|x86.Build.0 = Debug|Win32
		{58BA6300-9DC0-4E6B-AA97-57BA9EBD581B}.Release|x64.ActiveCfg = Release|x64
		{58BA6300-9DC0-4E6B-AA97-57BA9EBD581B}.Release|x64.Build.0 = Release|x64
		{58BA6300-9DC0-4E6B-AA97-57BA9EBD581B}.Release|x86.ActiveCfg = Release|Win32
		{58BA6300-9DC0-4E6B-AA97-57BA9EBD581B}.Release|x86.Build.0 = Release|Win32
		{46F35EF4-FDE2-4AE0-9104-1ECCD44E3CA5}.Debug|x64.ActiveCfg = Debug|x64
		{46F35EF4-FDE2-4AE0-9104-1ECCD44E3CA5}.Debug|x64.Build.0 = Debug|x64
		{46F35EF4-FDE2-4AE0-9104-1ECCD44E3CA5}.Debug|x86.ActiveCfg = Debug|Win32
		{46F35EF4-FDE2-4AE0-9104-1ECCD44E3CA5}.Debug|x86.Build.0 = Debug|Win32
		{46F35EF4-FDE2-4AE0-9104-1ECCD44E3CA5}.Release|x64.ActiveCfg = Release|x64
		{46F35EF4-FDE2-4AE0-9104-1ECCD44E3CA5}.Release|x64.Build.0 = Release|x64
		{46F35EF4-FDE2-4AE0-9104-1ECCD44E3CA5}.Release|x86.ActiveCfg = Release|Win32
		{46F35EF4-FDE2-4AE0-9104-1ECCD44E3CA5}.Release|x86.Build.0 = Release|Win32
		{63E6F764-A1B3-4A46-ABED-18ABEA7E2453}.Debug|x64.ActiveCfg = Debug|x64
		{63E6F764-A1B3-4A46-ABED-18ABEA7E2453}.Debug|x64.Build.0 = Debug|x64
		{63E6F764-A1B3-4A46-ABED-18ABEA7E2453}.Debug|x86.ActiveCfg = Debug|Win32
		{63E6F764-A1B3-4A46-ABED-18ABEA7E2453}.Debug|x86.Build.0 = Debug|Win32
		{63E6F764-A1B3-4A46-ABED-18ABEA7E2453}.Release|x64.ActiveCfg = Release|x64
		{63E6F764-A1B3-4A46-ABED-18ABEA7E2453}.Release|x64.Build.0 = Release|x64
		{63E6F764-A1B3-4A46-ABED-18ABEA7E2453}.Release|x86.ActiveCfg = Release|Win32
		{63E6F764-A1B3-4A46-ABED-18ABEA7E2453}.Release|x86.Build.0 = Release|Win32
		{98095285-A0BC-40C6-B040-9003A3B3232E}.Debug|x64.ActiveCfg = Debug|x64
		{98095285-A0BC-40C6-B040-9003A3B3232E}.Debug|x64.Build.0 = Debug|x64
		{98095285-A0BC-40C6-B040-9003A3B3232E}.Debug|x86.ActiveCfg = Debug|Win32
		{98095285-A0BC-40C6-B040-9003A3B3232E}.Debug|x86.Build.0 = Debug|Win32
		{98095285-A0BC-40C6-B040-9003A3B3232E}.Release|x64.ActiveCfg = Release|x64
		{98095285-A0BC-40C6-B040-9003A3B3232E}.Release|x64.Build.0 = Release|x64
		{98095285-A0BC-40C6-B040-9003A3B3232E}.Release|x86.ActiveCfg = Release|Win32
		{98095285-A0BC-40C6-B040-9003A3B3232E}.Release|x86.Build.0 = Release|Win32
		{B48ECD5B-F892-4060-BD15-097FA2DC9F6E}.Debug|x64.ActiveCfg = Debug|x64
		{B48ECD5B-F892-4060-BD15-097FA2DC9F6E}.Debug|x64.Build.0 = Debug|x64
		{B48ECD5B-F892-4060-BD15-097FA2DC9F6E}.Debug|x86.ActiveCfg = Debug|Win32
		{B48ECD5B-F892-4060-BD15-097FA2DC9F6E}.Debug|x86.Build.0 = Debug|Win32
		{B48ECD5B-F892-4060-BD15-097FA2DC9F6E}.Release|x64.ActiveCfg = Release|x64
		{B48ECD5B-F892-4060-BD15-097FA2DC9F6E}.Release|x64.Build.0 = Release|x64
		{B48ECD5B-F892-4060-BD15-097FA2DC9F6E}.Release|x86.ActiveCfg = Release|Win32
		{B48ECD5B-F892-4060-BD15-097FA2DC9F6E}.Release|x86.Build.0 = Release|Win32
		{C73D9D4C-D598-484D-B946-501447F9BC4C}.Debug|x64.ActiveCfg = Debug|x64
		{C73D9D4C-D598-484D-B946-501447F9BC4C}.Debug|x64.Build.0 = Debug|x64
		{C73D9D4C-D598-484D-B946-501447F9BC4C}.Debug|x86.ActiveCfg = Debug|Win32
		{C73D9D4C-D598-484D-B946-501447F9BC4C}.Debug|x86.Build.0 = Debug|Win32
		{C73D9D4C-D598-484D-B946-501447F9BC4C}.Release|x64.ActiveCfg = Release|x64
		{C73D9D4C-D598-484D-B946-501447F9BC4C}.Release|x64.Build.0 = Release|x64
		{C73D9D4C-D598-484D-B946-501447F9BC4C}.Release|x86.ActiveCfg = Release|Win32
		{C73D9D4C-D598-484D-B946-501447F9BC4C}.Release|x86.Build.0 = Release|Win32
		{B31B410D-D55C-4D3D-9B9E-591439150082}.Debug|x64.ActiveCfg = Debug|x64
		{B31B410D-D55C-4D3D-9B9E-591439150082}.Debug|x64.Build.0 = Debug|x64
		{B31B410D-D55C-4D3D-9B9E-591439150082}.Debug|x86.ActiveCfg = Debug|Win32
		{B31B410D-D55C-4D3D-9B9E-591439150082}.Debug|x86.Build.0 = Debug|Win32
		{B31B410D-D55C-4D3D-9B9E-591439150082}.Release|x64.ActiveCfg = Release|x64
		{B31B410D-D55C-4D3D-9B9E-591439150082}.Release|x64.Build.0 = Release|x64
		{B31B410D-D55C-4D3D-9B9E-591439150082}.Release|x86.ActiveCfg = Release|Win32
		{B31B410D-D55C-4D3D-9B9E-591439150082}.Release|x86.Build.0 = Release|Win32
		{EC62D9AD-1158-44B6-A405-F34DED63E09F}.Debug|x64.ActiveCfg = Debug|x64
		{EC62D9AD-1158-44B6-A405-F34DED63E09F}.Debug|x64.Build.0 = Debug|x64
		{EC62D9AD-1158-44B6-A405-F34DED63E09F}.Debug|x86.ActiveCfg = Debug|Win32
		{EC62D9AD-1158-44B6-A405-F34DED63E09F}.Debug|x86.Build.0 = Debug|Win32
		{EC62D9AD-1158-44B6-A405-F34DED63E09F}.Release|x64.ActiveCfg = Release|x64
		{EC62D9AD-1158-44B6-A405-F34DED63E09F}.Release|x64.Build.0 = Release|x64
		{EC62D9AD-1158-44B6-A405-F34DED63E09F}.Release|x86.ActiveCfg = Release|Win32
		{EC62D9AD-1158-44B6-A405-F34DED63E09F}.Release|x86.Build.0 = Release|Win32
		{B0570E63-2537-4D23-8221-20E8C0CB920F}.Debug|x64.ActiveCfg = Debug|x64
		{B0570E63-2537-4D23-8221-20E8C0CB920F}.Debug|x64.Build.0 = Debug|x64
		{B0570E63-2537-4D23-8221-20E8C0CB920F}.Debug|x86.ActiveCfg = Debug|Win32
		{B0570E63-2537-4D23-8221-20E8C0CB920F}.Debug|x86.Build.0 = Debug|Win32
		{B0570E63-2537-4D23-8221-20E8C0CB920F}.Release|x64.ActiveCfg = Release|x64
		{B0570E63-2537-4D23-8221-20E8C0CB920F}.Release|x64.Build.0 = Release|x64
		{B0570E63-2537-4D23-8221-20E8C0CB920F}.Release|x86.ActiveCfg = Release|Win32
		{B0570E63-2537-4D23-8221-20E8C0CB920F}.Release|x86.Build.0 = Release|Win32
		{C7980183-B894-4C57-AB4C-D582CDF7834A}.Debug|x64.ActiveCfg = Debug|x64
		{C7980183-B894-4C57-AB4C-D582CDF7834A}.Debug|x64.Build.0 = Debug|x64
		{C7980183-B894-4C57-AB4C-D582CDF7834A}.Debug|x86.ActiveCfg = Debug|Win32
		{C7980183-B894-4C57-AB4C-D582CDF7834A}.Debug|x86.Build.0 = Debug|Win32
		{C7980183-B894-4C57-AB4C-D582CDF7834A}.Release|x64.ActiveCfg = Release|x64
		{C7980183-B894-4C57-AB4C-D582CDF7834A}.Release|x64.Build.0 = Release|x64
		{C7980183-B894-4C57-AB4C-D582CDF7834A}.Release|x86.ActiveCfg = Release|Win32
		{C7980183-B894-4C57-AB4C-D582CDF7834A}.Release|x86.Build.0 = Release|Win32
		{C71E0C07-7904-4C9C-A7FF-E8A630F086D5}.Debug|x64.ActiveCfg = Debug|x64
		{C71E0C07-7904-4C9C-A7FF-E8A630F086D5}.Debug|x64.Build.0 = Debug|x64
		{C71E0C07-7904-4C9C-A7FF-E8A630F086D5}.Debug|x86.ActiveCfg = Debug|Win32
		{C71E0C07-7904-4C9C-A7FF-E8A630F086D5}.Debug|x86.Build.0 = Debug|Win32
		{C71E0C07-7904-4C9C-A7FF-E8A630F086D5}.Release|x64.ActiveCfg = Release|x64
		{C71E0C07-7904-4C9C-A7FF-E8A630F086D5}.Release|x64.Build.0 = Release|x64
		{C71E0C07-7904-4C9C-A7FF-E8A630F086D5}.Release|x86.ActiveCfg = Release|Win32
		{C71E0C07-7904-4C9C-A7FF-E8A630F086D5}.Release|x86.Build.0 = Release|Win32
		{2BD91AED-99BE-4431-A24A-2A2FD4985D65}.Debug|x64.ActiveCfg = Debug|x64
		{2BD91AED-99BE-4431-A24A-2A2FD4985D65}.Debug|x64.Build.0 = Debug|x64
		{2BD91AED-99BE-4431-A24A-2A2FD4985D65}.Debug|x86.ActiveCfg = Debug|Win32
		{2BD91AED-99BE-4431-A24A-2A2FD4985D65}.Debug|x86.Build.0 = Debug|Win32
		{2BD91AED-99BE-4431-A24A-2A2FD4985D65}.Release|x64.ActiveCfg = Release|x64
		{2BD91AED-99BE-4431-A24A-2A2FD4985D65}.Release|x64.Build.0 = Release|x64
		{2BD91AED-99BE-4431-A24A-2A2FD4985D65}.Release|x86.ActiveCfg = Release|Win32
		{2BD91AED-99BE-4431-A24A-2A2FD4985D65}.Release|x86.Build.0 = Release|Win32
		{98B07617-F622-44CF-8932-BBE9ABD2F910}.Debug|x64.ActiveCfg = Debug|x64
		{98B07617-F622-44CF-8932-BBE9ABD2F910}.Debug|x64.Build.0 = Debug|x64
		{98B07617-F622-44CF-8932-BBE9ABD2F910}.Debug|x86.ActiveCfg = Debug|Win32
		{98B07617-F622-44CF-8932-BBE9ABD2F910}.Debug|x86.Build.0 = Debug|Win32
		{98B07617-F622-44CF-8932-BBE9ABD2F910}.Release|x64.ActiveCfg = Release|x64
		{98B07617-F622-44CF-8932-BBE9ABD2F910}.Release|x64.Build.0 = Release|x64
		{98B07617-F622-44CF-8932-BBE9ABD2F910}.Release|x86.ActiveCfg = Release|Win32
		{98B07617-F622-44CF-8932-BBE9ABD2F910}.Release|x86.Build.0 = Release|Win32
		{129ED000-1F3D-4E74-9B5D-374F3302C7B5}.Debug|x64.ActiveCfg = Debug|x64
		{129ED000-1F3D-4E74-9B5D-374F3302C7B5}.Debug|x64.Build.0 = Debug|x64
		{129ED000-1F3D-4E74-9B5D-374F3302C7B5}.Debug|x86.ActiveCfg = Debug|Win32
		{129ED000-1F3D-4E74-9B5D-374F3302C7B5}.Debug|x86.Build.0 = Debug|Win32
		{129ED000-1F3D-4E74-9B5D-374F3302C7B5}.Release|x64.ActiveCfg = Release|x64
		{129ED000-1F3D-4E74-9B5D-374F3302C7B5}.Release|x64.Build.0 = Release|x64
		{129ED000-1F3D-4E74-9B5D-374F3302C7B5}.Release|x86.ActiveCfg = Release|Win32
		{129ED000-1F3D-4E74-9B5D-374F3302C7B5}.Release|x86.Build.0 = Release|Win32
		{3DC3FB64-B694-436F-8862-26D2D912E094}.Debug|x64.ActiveCfg = Debug|x64
		{3DC3FB64-B694-436F-8862-26D2D912E094}.Debug|x64.Build.0 = Debug|x64
		{3DC3FB64-B694-436F-8862-26D2D912E094}.Debug|x86.ActiveCfg = Debug|Win32
		{3DC3FB64-B694-436F-8862-26D2D912E094}.Debug|x86.Build.0 = Debug|Win32
		{3DC3FB64-B694-436F-8862-26D2D912E094}.Release|x64.ActiveCfg = Release|x64
		{3DC3FB64-B694-436F-8862-26D2D912E094}.Release|x64.Build.0 = Release|x64
		{3DC3FB64-B694-436F-8862-26D2D912E094}.Release|x86.ActiveCfg = Release|Win32
		{3DC3FB64-B694-436F-8862-26D2D912E094}.Release|x86.Build.0 = Release|Win32
		{8612348C-E888-4AEA-A1BB-26B7C99C1A1B}.Debug|x64.ActiveCfg = Debug|x64
		{8612348C-E888-4AEA-A1BB-26B7C99C1A1B}.Debug|x64.Build.0 = Debug|x64
		{8612348C-E888-4AEA-A1BB-26B7C99C1A1B}.Debug|x86.ActiveCfg = Debug|Win32
		{8612348C-E888-4AEA-A1BB-26B7C99C1A1B}.Debug|x86.Build.0 = Debug|Win32
		{8612348C-E888-4AEA-A1BB-26B7C99C1A1B}.Release|x64.ActiveCfg = Release|x64
		{8612348C-E888-4AEA-A1BB-26B7C99C1A1B}.Release|x64.Build.0 = Release|x64
		{8612348C-E888-4AEA-A1BB-26B7C99C1A1B}.Release|x86.ActiveCfg = Release|Win32
		{8612348C-E888-4AEA-A1BB-26B7C99C1A1B}.Release|x86.Build.0 = Release|Win32
		{6982DA24-E773-494C-9ADF-02927A9A6D25}.Debug|x64.ActiveCfg = Debug|x64
		{6982DA24-E773-494C-9ADF-02927A9A6D25}.Debug|x64.Build.0 = Debug|x64
		{6982DA24-E773-494C-9ADF-02927A9A6D25}.Debug|x86.ActiveCfg = Debug|Win32
		{6982DA24-E773-494C-9ADF-02927A9A6D25}.Debug|x86.Build.0 = Debug|Win32
		{6982DA24-E773-494C-9ADF-02927A9A6D25}.Release|x64.ActiveCfg = Release|x64
		{6982DA24-E773-494C-9ADF-02927A9A6D25}.Release|x64.Build.0 = Release|x64
		{6982DA24-E773-494C-9ADF-02927A9A6D25}.Release|x86.ActiveCfg = Release|Win32
		{6982DA24-E773-494C-9ADF-02927A9A6D25}.Release|x86.Build.0 = Release|Win32
		{FF51A542-7AE8-4D03-AB22-D1FDD8D449CB}.Debug|x64.ActiveCfg = Debug|x64
		{FF51A542-7AE8-4D03-AB22-D1FDD8D449CB}.Debug|x64.Build.0 = Debug|x64
		{FF51A542-7AE8-4D03-AB22-D1FDD8D449CB}.Debug|x86.ActiveCfg = Debug|Win32
		{FF51A542-7AE8-4D03-AB22-D1FDD8D449CB}.Debug|x86.Build.0 = Debug|Win32
		{FF51A542-7AE8-4D03-AB22-D1FDD8D449CB}.Release|x64.ActiveCfg = Release|x64
		{FF51A542-7AE8-4D03-AB22-D1FDD8D449CB}.Release|x64.Build.0 = Release|x64
		{FF51A542-7AE8-4D03-AB22-D1FDD8D449CB}.Release|x86.ActiveCfg = Release|Win32
		{FF51A542-7AE8-4D03-AB22-D1FDD8D449CB}.Release|x86.Build.0 = Release|Win32
		{B19FF83D-14D3-46CC-B862-754B3E5BC112}.Debug|x64.ActiveCfg = Debug|x64
		{B19FF83D-14D3-46CC-B862-754B3E5BC112}.Debug|x64.Build.0 = Debug|x64
		{B19FF83D-14D3-46CC-B862-754B3E5BC112}.Debug|x86.ActiveCfg = Debug|Win32
		{B19FF83D-14D3-46CC-B862-754B3E5BC112}.Debug|x86.Build.0 = Debug|Win32
		{B19FF83D-14D3-46CC-B862-754B3E5BC112}.Release|x64.ActiveCfg = Release|x64
		{B19FF83D-14D3-46CC-B862-754B3E5BC112}.Release|x64.Build.0 = Release|x64
		{B19FF83D-14D3-46CC-B862-754B3E5BC112}.Release|x86.ActiveCfg = Release|Win32
		{B19FF83D-14D3-46CC-B862-754B3E5BC112}.Release|x86.Build.0 = Release|Win32
		{E9F6E5FD-678C-4691-AF63-8AFDFD6A58EC}.Debug|x64.ActiveCfg = Debug|x64
		{E9F6E5FD-678C-4691-AF63-8AFDFD6A58EC}.Debug|x64.Build.0 = Debug|x64
		{E9F6E5FD-678C-4691-AF63-8AFDFD6A58EC}.Debug|x86.ActiveCfg = Debug|Win32
		{E9F6E5FD-678C-4691-AF63-8AFDFD6A58EC}.Debug|x86.Build.0 = Debug|Win32
		{E9F6E5FD-678C-4691-AF63-8AFDFD6A58EC}.Release|x64.ActiveCfg = Release|x64
		{E9F6E5FD-678C-4691-AF63-8AFDFD6A58EC}.Release|x64.Build.0 = Release|x64
		{E9F6E5FD-678C-4691-AF63-8AFDFD6A58EC}.Release|x86.ActiveCfg = Release|Win32
		{E9F6E5FD-678C-4691-AF63-8AFDFD6A58EC}.Release|x86.Build.0 = Release|Win32
		{5CFBC7C0-EB7D-444F-950A-0F9AE3EB9BD4}.Debug|x64.ActiveCfg = Debug|x64
		{5CFBC7C0-EB7D-444F-950A-0F9AE3EB9BD4}.Debug|x64.Build.0 = Debug|x64
		{5CFBC7C0-EB7D-444F-950A-0F9AE3EB9BD4}.Debug|x86.ActiveCfg = Debug|Win32
		{5CFBC7C0-EB7D-444F-950A-0F9AE3EB9BD4}.Debug|x86.Build.0 = Debug|Win32
		{5CFBC7C0-EB7D-444F-950A-0F9AE3EB9BD4}.Release|x64.ActiveCfg = Release|x64
		{5CFBC7C0-EB7D-444F-950A-0F9AE3EB9BD4}.Release|x64.Build.0 = Release|x64
		{5CFBC7C0-EB7D-444F-950A-0F9AE3EB9BD4}.Release|x86.ActiveCfg = Release|Win32
		{5CFBC7C0-EB7D-444F-950A-0F9AE3EB9BD4}.Release|x86.Build.0 = Release|Win32
		{2DB62F81-55E0-4E1C-BE4B-E61DC6A3A35C}.Debug|x64.ActiveCfg = Debug|x64
		{2DB62F81-55E0-4E1C-BE4B-E61DC6A3A35C}.Debug|x64.Build.0 = Debug|x64
		{2DB62F81-55E0-4E1C-BE4B-E61DC6A3A35C}.Debug|x86.ActiveCfg = Debug|Win32
		{2DB62F81-55E0-4E1C-BE4B-E61DC6A3A35C}.Debug|x86.Build.0 = Debug|Win32
		{2DB62F81-55E0-4E1C-BE4B-E61DC6A3A35C}.Release|x64.ActiveCfg = Release|x64
		{2DB62F81-55E0-4E1C-BE4B-E61DC6A3A35C}.Release|x64.Build.0 = Release|x64
		{2DB62F81-55E0-4E1C-BE4B-E61DC6A3A35C}.Release|x86.ActiveCfg = Release|Win32
		{2DB62F81-55E0-4E1C-BE4B-E61DC6A3A35C}.Release|x86.Build.0 = Release|Win32
		{457FEFFC-43FD-426B-B6E3-B6C4190D7EF2}.Debug|x64.ActiveCfg = Debug|x64
		{457FEFFC-43FD-426B-B6E3-B6C4190D7EF2}.Debug|x64.Build.0 = Debug|x64
		{457FEFFC-43FD-426B-B6E3-B6C4190D7EF2}.Debug|x86.ActiveCfg = Debug|Win32
		{457FEFFC-43FD-426B-B6E3-B6C4190D7EF2}.Debug|x86.Build.0 = Debug|Win32
		{457FEFFC-43FD-426B-B6E3-B6C4190D7EF2}.Release|x64.ActiveCfg = Release|x64
		{457FEFFC-43FD-426B-B6E3-B6C4190D7EF2}.Release|x64.Build.0 = Release|x64
		{457FEFFC-43FD-426B-B6E3-B6C4190D7EF2}.Release|x86.ActiveCfg = Release|Win32
		{457FEFFC-43FD-426B-B6E3-B6C4190D7EF2}.Release|x86.Build.0 = Release|Win32
		{F000BA69-3DAA-42D4-AA9B-DABD5E0843CA}.Debug|x64.ActiveCfg = Debug|x64
		{F000BA69-3DAA-42D4-AA9B-DABD5E0843CA}.Debug|x64.Build.0 = Debug|x64
		{F000BA69-3DAA-42D4-AA9B-DABD5E0843CA}.Debug|x86.ActiveCfg = Debug|Win32
		{F000BA69-3DAA-42D4-AA9B-DABD5E0843CA}.Debug|x86.Build.0 = Debug|Win32
		{F000BA69-3DAA-42D4-AA9B-DABD5E0843CA}.Release|x64.ActiveCfg = Release|x64
		{F000BA69-3DAA-42D4-AA9B-DABD5E0843CA}.Release|x64.Build.0 = Release|x64
		{F000BA69-3DAA-42D4-AA9B-DABD5E0843CA}.Release|x86.ActiveCfg = Release|Win32
		{F000BA69-3DAA-42D4-AA9B-DABD5E0843CA}.Release|x86.Build.0 = Release|Win32
		{70D49CD6-25D3-4037-B3F4-37564D34852E}.Debug|x64.ActiveCfg = Debug|x64
		{70D49CD6-25D3-4037-B3F4-37564D34852E}.Debug|x64.Build.0 = Debug|x64
		{70D49CD6-25D3-4037-B3F4-37564D34852E}.Debug|x86.ActiveCfg = Debug|Win32
		{70D49CD6-25D3-4037-B3F4-37564D34852E}.Debug|x86.Build.0 = Debug|Win32
		{70D49CD6-25D3-4037-B3F4-37564D34852E}.Release|x64.ActiveCfg = Release|x64
		{70D49CD6-25D3-4037-B3F4-37564D34852E}.Release|x64.Build.0 = Release|x64
		{70D49CD6-25D3-4037-B3F4-37564D34852E}.Release|x86.ActiveCfg = Release|Win32
		{70D49CD6-25D3-4037-B3F4-37564D34852E}.Release|x86.Build.0 = Release|Win32
		{CAC00DF2-D924-4EDE-BAF6-BE2430794F1E}.Debug|x64.ActiveCfg = Debug|x64
		{CAC00DF2-D924-4EDE-BAF6-BE2430794F1E}.Debug|x64.Build.0 = Debug|x64
		{CAC00DF2-D924-4EDE-BAF6-BE2430794F1E}.Debug|x86.ActiveCfg = Debug|Win32
		{CAC00DF2-D924-4EDE-BAF6-BE2430794F1E}.Debug|x86.Build.0 = Debug|Win32
		{CAC00DF2-D924-4EDE-BAF6-BE2430794F1E}.Release|x64.ActiveCfg = Release|x64
		{CAC00DF2-D924-4EDE-BAF6-BE2430794F1E}.Release|x64.Build.0 = Release|x64
		{CAC00DF2-D924-4EDE-BAF6-BE2430794F1E}.Release|x86.ActiveCfg = Release|Win32
		{CAC00DF2-D924-4EDE-BAF6-BE2430794F1E}.Release|x86.Build.0 = Release|Win32
		{8BE5DB40-0626-4100-8125-7D40E3E7E6BB}.Debug|x64.ActiveCfg = Debug|x64
		{8BE5DB40-0626-4100-8125-7D40E3E7E6BB}.Debug|x64.Build.0 = Debug|x64
		{8BE5DB40-0626-4100-8125-7D40E3E7E6BB}.Debug|x86.ActiveCfg = Debug|Win32
		{8BE5DB40-0626-4100-8125-7D40E3E7E6BB}.Debug|x86.Build.0 = Debug|Win32
		{8BE5DB40-0626-4100-8125-7D40E3E7E6BB}.Release|x64.ActiveCfg = Release|x64
		{8BE5DB40-0626-4100-8125-7D40E3E7E6BB}.Release|x64.Build.0 = Release|x64
		{8BE5DB40-0626-4100-8125-7D40E3E7E6BB}.Release|x86.ActiveCfg = Release|Win32
		{8BE5DB40-0626-4100-8125-7D40E3E7E6BB}.Release|x86.Build.0 = Release|Win32
		{6CEA0B93-26B1-4BE2-A1BE-44D85109A2C8}.Debug|x64.ActiveCfg = Debug|x64
		{6CEA0B93-26B1-4BE2-A1BE-44D85109A2C8}.Debug|x64.Build.0 = Debug|x64
		{6CEA0B93-26B1-4BE2-A1BE-44D85109A2C8}.Debug|x86.ActiveCfg = Debug|Win32
		{6CEA0B93-26B1-4BE2-A1BE-44D85109A2C8}.Debug|x86.Build.0 = Debug|Win32
		{6CEA0B93-26B1-4BE2-A1BE-44D85109A2C8}.Release|x64.ActiveCfg = Release|x64
		{6CEA0B93-26B1-4BE2-A1BE-44D85109A2C8}.Release|x64.Build.0 = Release|x64
		{6CEA0B93-26B1-4BE2-A1BE-44D85109A2C8}.Release|x86.ActiveCfg = Release|Win32
		{6CEA0B93-26B1-4BE2-A1BE-44D85109A2C8}.Release|x86.Build.0 = Release|Win32
		{EE18F3AE-87C7-42F5-8FD4-904400E9E20C}.Debug|x64.ActiveCfg = Debug|x64
		{EE18F3AE-87C7-42F5-8FD4-904400E9E20C}.Debug|x64.Build.0 = Debug|x64
		{EE18F3AE-87C7-42F5-8FD4-904400E9E20C}.Debug|x86.ActiveCfg = Debug|Win32
		{EE18F3AE-87C7-42F5-8FD4-904400E9E20C}.Debug|x86.Build.0 = Debug|Win32
		{EE18F3AE-87C7-42F5-8FD4-904400E9E20C}.Release|x64.ActiveCfg = Release|x64
		{EE18F3AE-87C7-42F5-8FD4-904400E9E20C}.Release|x64.Build.0 = Release|x64
		{EE18F3AE-87C7-42F5-8FD4-904400E9E20C}.Release|x86.ActiveCfg = Release|Win32
		{EE18F3AE-87C7-42F5-8FD4-904400E9E20C}.Release|x86.Build.0 = Release|Win32
		{57358786-4702-4A2A-8C3A-D0E48D6856A6}.Debug|x64.ActiveCfg = Debug|x64
		{57358786-4702-4A2A-8C3A-D0E48D6856A6}.Debug|x64.Build.0 = Debug|x64
		{57358786-4702-4A2A-8C3A-D0E48D6856A6}.Debug|x86.ActiveCfg = Debug|Win32
		{57358786-4702-4A2A-8C3A-D0E48D6856A6}.Debug|x86.Build.0 = Debug|Win32
		{57358786-4702-4A2A-8C3A-D0E48D6856A6}.Release|x64.ActiveCfg = Release|x64
		{57358786-4702-4A2A-8C3A-D0E48D6856A6}.Release|x64.Build.0 = Release|x64
		{57358786-4702-4A2A-8C3A-D0E48D6856A6}.Release|x86.ActiveCfg = Release|Win32
		{57358786-4702-4A2A-8C3A-D0E48D6856A6}.Release|x86.Build.0 = Release|Win32
		{93886EA4-1EDD-4A68-A018-4266FCE077F6}.Debug|x64.ActiveCfg = Debug|x64
		{93886EA4-1EDD-4A68-A018-4266FCE077F6}.Debug|x64.Build.0 = Debug|x64
		{93886EA4-1EDD-4A68-A018-4266FCE077F6}.Debug|x86.ActiveCfg = Debug|Win32
		{93886EA4-1EDD-4A68-A018-4266FCE077F6}.Debug|x86.Build.0 = Debug|Win32
		{93886EA4-1EDD-4A68-A018-4266FCE077F6}.Release|x64.ActiveCfg = Release|x64
		{93886EA4-1EDD-4A68-A018-4266FCE077F6}.Release|x64.Build.0 = Release|x64
		{93886EA4-1EDD-4A68-A018-4266FCE077F6}.Release|x86.ActiveCfg = Release|Win32
		{93886EA4-1EDD-4A68-A018-4266FCE077F6}.Release|x86.Build.0 = Release|Win32
		{4B4FA49C-3E93-4DF7-8D4C-0D36F55799C8}.Debug|x64.ActiveCfg = Debug|x64
		{4B4FA49C-3E93-4DF7-8D4C-0D36F55799C8}.Debug|x64.Build.0 = Debug|x64
		{4B4FA49C-3E93-4DF7-8D4C-0D36F55799C8}.Debug|x86.ActiveCfg = Debug|Win32
		{4B4FA49C-3E93-4DF7-8D4C-0D36F55799C8}.Debug|x86.Build.0 = Debug|Win32
		{4B4FA49C-3E93-4DF7-8D4C-0D36F55799C8}.Release|x64.ActiveCfg = Release|x64
		{4B4FA49C-3E93-4DF7-8D4C-0D36F55799C8}.Release|x64.Build.0 = Release|x64
		{4B4FA49C-3E93-4DF7-8D4C-0D36F55799C8}.Release|x86.ActiveCfg = Release|Win32
		{4B4FA49C-3E93-4DF7-8D4C-0D36F55799C8}.Release|x86.Build.0 = Release|Win32
		{9773F1F7-B85E-49A6-9612-532DFFBBBCD0}.Debug|x64.ActiveCfg = Debug|x64
		{9773F1F7-B85E-49A6-9612-532DFFBBBCD0}.Debug|x64.Build.0 = Debug|x64
		{9773F1F7-B85E-49A6-9612-532DFFBBBCD0}.Debug|x86.ActiveCfg = Debug|Win32
		{9773F1F7-B85E-49A6-9612-532DFFBBBCD0}.Debug|x86.Build.0 = Debug|Win32
		{9773F1F7-B85E-49A6-9612-532DFFBBBCD0}.Release|x64.ActiveCfg = Release|x64
		{9773F1F7-B85E-49A6-9612-532DFFBBBCD0}.Release|x64.Build.0 = Release|x64
		{9773F1F7-B85E-49A6-9612-532DFFBBBCD0}.Release|x86.ActiveCfg = Release|Win32
		{9773F1F7-B85E-49A6-9612-532DFFBBBCD0}.Release|x86.Build.0 = Release|Win32
		{3D6C6826-5F22-4A3E-AF91-E37D3BDBF12E}.Debug|x64.ActiveCfg = Debug|x64
		{3D6C6826-5F22-4A3E-AF91-E37D3BDBF12E}.Debug|x64.Build.0 = Debug|x64
		{3D6C6826-5F22-4A3E-AF91-E37D3BDBF12E}.Debug|x86.ActiveCfg = Debug|Win32
		{3D6C6826-5F22-4A3E-AF91-E37D3BDBF12E}.Debug|x86.Build.0 = Debug|Win32
		{3D6C6826-5F22-4A3E-AF91-E37D3BDBF12E}.Release|x64.ActiveCfg = Release|x64
		{3D6C6826-5F22-4A3E-AF91-E37D3BDBF12E}.Release|x64.Build.0 = Release|x64
		{3D6C6826-5F22-4A3E-AF91-E37D3BDBF12E}.Release|x86.ActiveCfg = Release|Win32
		{3D6C6826-5F22-4A3E-AF91-E37D3BDBF12E}.Release|x86.Build.0 = Release|Win32
		{77D79971-A145-49B2-8DC8-85258C133E2E}.Debug|x64.ActiveCfg = Debug|x64
		{77D79971-A145-49B2-8DC8-85258C133E2E}.Debug|x64.Build.0 = Debug|x64
		{77D79971-A145-49B2-8DC8-85258C133E2E}.Debug|x86.ActiveCfg = Debug|Win32
		{77D79971-A145-49B2-8DC8-85258C133E2E}.Debug|x86.Build.0 = Debug|Win32
		{77D79971-A145-49B2-8DC8-85258C133E2E}.Release|x64.ActiveCfg = Release|x64
		{77D79971-A145-49B2-8DC8-85258C133E2E}.Release|x64.Build.0 = Release|x64
		{77D79971-A145-49B2-8DC8-85258C133E2E}.Release|x86.ActiveCfg = Release|Win32
		{77D79971-A145-49B2-8DC8-85258C133E2E}.Release|x86.Build.0 = Release|Win32
		{F0958396-EB55-40D6-85A8-3A624F2E875F}.Debug|x64.ActiveCfg = Debug|x64
		{F0958396-EB55-40D6-85A8-3A624F2E875F}.Debug|x64.Build.0 = Debug|x64
		{F0958396-EB55-40D6-85A8-3A624F2E875F}.Debug|x86.ActiveCfg = Debug|Win32
		{F0958396-EB55-40D6-85A8-3A624F2E875F}.Debug|x86.Build.0 = Debug|Win32
		{F0958396-EB55-40D6-85A8-3A624F2E875F}.Release|x64.ActiveCfg = Release|x64
		{F0958396-EB55-40D6-85A8-3A624F2E875F}.Release|x64.Build.0 = Release|x64
		{F0958396-EB55-40D6-85A8-3A624F2E875F}.Release|x86.ActiveCfg = Release|Win32
		{F0958396-EB55-40D6-85A8-3A624F2E875F}.Release|x86.Build.0 = Release|Win32
		{F504257B-B4EA-4333-AFEB-EAE1CA446EFC}.Debug|x64.ActiveCfg = Debug|x64
		{F504257B-B4EA-4333-AFEB-EAE1CA446EFC}.Debug|x64.Build.0 = Debug|x64
		{F504257B-B4EA-4333-AFEB-EAE1CA446EFC}.Debug|x86.ActiveCfg = Debug|Win32
		{F504257B-B4EA-4333-AFEB-EAE1CA446EFC}.Debug|x86.Build.0 = Debug|Win32
		{F504257B-B4EA-4333-AFEB-EAE1CA446EFC}.Release|x64.ActiveCfg = Release|x64
		{F504257B-B4EA-4333-AFEB-EAE1CA446EFC}.Release|x64.Build.0 = Release|x64
		{F504257B-B4EA-4333-AFEB-EAE1CA446EFC}.Release|x86.ActiveCfg = Release|Win32
		{F504257B-B4EA-4333-AFEB-EAE1CA446EFC}.Release|x86.Build.0 = Release|Win32
		{AF04C43B-78E6-4C9F-8C69-5E9AC8AA9DCF}.Debug|x64.ActiveCfg = Debug|x64
		{AF04C43B-78E6-4C9F-8C69-5E9AC8AA9DCF}.Debug|x64.Build.0 = Debug|x64
		{AF04C43B-78E6-4C9F-8C69-5E9AC8AA9DCF}.Debug|x86.ActiveCfg = Debug|Win32
		{AF04C43B-78E6-4C9F-8C69-5E9AC8AA9DCF}.Debug|x86.Build.0 = Debug|Win32
		{AF04C43B-78E6-4C9F-8C69-5E9AC8AA9DCF}.Release|x64.ActiveCfg = Release|x64
		{AF04C43B-78E6-4C9F-8C69-5E9AC8AA9DCF}.Release|x64.Build.0 = Release|x64
		{AF04C43B-78E6-4C9F-8C69-5E9AC8AA9DCF}.Release|x86.ActiveCfg = Release|Win32
		{AF04C43B-78E6-4C9F-8C69-5E9AC8AA9DCF}.Release|x86.Build.0 = Release|Win32
		{E02B23B6-7A2A-4CFE-9620-2B5C3B368F05}.Debug|x64.ActiveCfg = Debug|x64
		{E02B23B6-7A2A-4CFE-9620-2B5C3B368F05}.Debug|x64.Build.0 = Debug|x64
		{E02B23B6-7A2A-4CFE-9620-2B5C3B368F05}.Debug|x86.ActiveCfg = Debug|Win32
		{E02B23B6-7A2A-4CFE-9620-2B5C3B368F05}.Debug|x86.Build.0 = Debug|Win32
		{E02B23B6-7A2A-4CFE-9620-2B5C3B368F05}.Release|x64.ActiveCfg = Release|x64
		{E02B23B6-7A2A-4CFE-9620-2B5C3B368F05}.Release|x64.Build.0 = Release|x64
		{E02B23B6-7A2A-4CFE-9620-2B5C3B368F05}.Release|x86.ActiveCfg = Release|Win32
		{E02B23B6-7A2A-4CFE-9620-2B5C3B368F05}.Release|x86.Build.0 = Release|Win32
		{D89EB1D4-0277-41F6-B218-ED86A0E6A2AF}.Debug|x64.ActiveCfg = Debug|x64
		{D89EB1D4-0277-41F6-B218-ED86A0E6A2AF}.Debug|x64.Build.0 = Debug|x64
		{D89EB1D4-0277-41F6-B218-ED86A0E6A2AF}.Debug|x86.ActiveCfg = Debug|Win32
		{D89EB1D4-0277-41F6-B218-ED86A0E6A2AF}.Debug|x86.Build.0 = Debug|Win32
		{D89EB1D4-0277-41F6-B218-ED86A0E6A2AF}.Release|x64.ActiveCfg = Release|x64
		{D89EB1D4-0277-41F6-B218-ED86A0E6A2AF}.Release|x64.Build.0 = Release|x64
		{D89EB1D4-0277-41F6-B218-ED86A0E6A2AF}.Release|x86.ActiveCfg = Release|Win32
		{D89EB1D4-0277-41F6-B218-ED86A0E6A2AF}.Release|x86.Build.0 = Release|Win32
		{F28123B4-22B2-4E7E-8FAE-C6D9760AD5EC}.Debug|x64.ActiveCfg = Debug|x64
		{F28123B4-22B2-4E7E-8FAE-C6D9760AD5EC}.Debug|x64.Build.0 = Debug|x64
		{F28123B4-22B2-4E7E-8FAE-C6D9760AD5EC}.Debug|x86.ActiveCfg = Debug|Win32
		{F28123B4-22B2-4E7E-8FAE-C6D9760AD5EC}.Debug|x86.Build.0 = Debug|Win32
		{F28123B4-22B2-4E7E-8FAE-C6D9760AD5EC}.Release|x64.ActiveCfg = Release|x64
		{F28123B4-22B2-4E7E-8FAE-C6D9760AD5EC}.Release|x64.Build.0 = Release|x64
		{F28123B4-22B2-4E7E-8FAE-C6D9760AD5EC}.Release|x86.ActiveCfg = Release|Win32
		{F28123B4-22B2-4E7E-8FAE-C6D9760AD5EC}.Release|x86.Build.0 = Release|Win32
		{35291698-0032-497A-A118-2F29074F6914}.Debug|x64.ActiveCfg = Debug|x64
		{35291698-0032-497A-A118-2F29074F6914}.Debug|x64.Build.0 = Debug|x64
		{35291698-0032-497A-A118-2F29074F6914}.Debug|x86.ActiveCfg = Debug|Win32
		{35291698-0032-497A-A118-2F29074F6914}.Debug|x86.Build.0 = Debug|Win32
		{35291698-0032-497A-A118-2F29074F6914}.Release|x64.ActiveCfg = Release|x64
		{35291698-0032-497A-A118-2F29074F6914}.Release|x64.Build.0 = Release|x64
		{35291698-0032-497A-A118-2F29074F6914}.Release|x86.ActiveCfg = Release|Win32
		{35291698-0032-497A-A118-2F29074F6914}.Release|x86.Build.0 = Release|Win32
		{648CB8CF-9BD7-46A6-B730-9A4A370070FC}.Debug|x64.ActiveCfg = Debug|x64
		{648CB8CF-9BD7-46A6-B730-9A4A370070FC}.Debug|x64.Build.0 = Debug|x64
		{648CB8CF-9BD7-46A6-B730-9A4A370070FC}.Debug|x86.ActiveCfg = Debug|Win32
		{648CB8CF-9BD7-46A6-B730-9A4A370070FC}.Debug|x86.Build.0 = Debug|Win32
		{648CB8CF-9BD7-46A6-B730-9A4A370070FC}.Release|x64.ActiveCfg = Release|x64
		{648CB8CF-9BD7-46A6-B730-9A4A370070FC}.Release|x64.Build.0 = Release|x64
		{648CB8CF-9BD7-46A6-B730-9A4A370070FC}.Release|x86.ActiveCfg = Release|Win32
		{648CB8CF-9BD7-46A6-B730-9A4A370070FC}.Release|x86.Build.0 = Release|Win32
		{75B8CC50-70C4-4490-B7E7-AF813A0CCCE2}.Debug|x64.ActiveCfg = Debug|x64
		{75B8CC50-70C4-4490-B7E7-AF813A0CCCE2}.Debug|x64.Build.0 = Debug|x64
		{75B8CC50-70C4-4490-B7E7-AF813A0CCCE2}.Debug|x86.ActiveCfg = Debug|Win32
		{75B8CC50-70C4-4490-B7E7-AF813A0CCCE2}.Debug|x86.Build.0 = Debug|Win32
		{75B8CC50-70C4-4490-B7E7-AF813A0CCCE2}.Release|x64.ActiveCfg = Release|x64
		{75B8CC50-70C4-4490-B7E7-AF813A0CCCE2}.Release|x64.Build.0 = Release|x64
		{75B8CC50-70C4-4490-B7E7-AF813A0CCCE2}.Release|x86.ActiveCfg = Release|Win32
		{75B8CC50-70C4-4490-B7E7-AF813A0CCCE2}.Release|x86.Build.0 = Release|Win32
		{0BAD9033-5853-4DF8-AC13-C562FFF8AA01}.Debug|x64.ActiveCfg = Debug|x64
		{0BAD9033-5853-4DF8-AC13-C562FFF8AA01}.Debug|x64.Build.0 = Debug|x64
		{0BAD9033-5853-4DF8-AC13-C562FFF8AA01}.Debug|x86.ActiveCfg = Debug|Win32
		{0BAD9033-5853-4DF8-AC13-C562FFF8AA01}.Debug|x86.Build.0 = Debug|Win32
		{0BAD9033-5853-4DF8-AC13-C562FFF8AA01}.Release|x64.ActiveCfg = Release|x64
		{0BAD9033-5853-4DF8-AC13-C562FFF8AA01}.Release|x64.Build.0 = Release|x64
		{0BAD9033-5853-4DF8-AC13-C562FFF8AA01}.Release|x86.ActiveCfg = Release|Win32
		{0BAD9033-5853-4DF8-AC13-C562FFF8AA01}.Release|x86.Build.0 = Release|Win32
		{4CB67316-652F-48AE-9425-6C37A0ADE8CD}.Debug|x64.ActiveCfg = Debug|x64
		{4CB67316-652F-48AE-9425-6C37A0ADE8CD}.Debug|x64.Build.0 = Debug|x64
		{4CB67316-652F-48AE-9425-6C37A0ADE8CD}.Debug|x86.ActiveCfg = Debug|Win32
		{4CB67316-652F-48AE-9425-6C37A0ADE8CD}.Debug|x86.Build.0 = Debug|Win32
		{4CB67316-652F-48AE-9425-6C37A0ADE8CD}.Release|x64.ActiveCfg = Release|x64
		{4CB67316-652F-48AE-9425-6C37A0ADE8CD}.Release|x64.Build.0 = Release|x64
		{4CB67316-652F-48AE-9425-6C37A0ADE8CD}.Release|x86.ActiveCfg = Release|Win32
		{4CB67316-652F-48AE-9425-6C37A0ADE8CD}.Release|x86.Build.0 = Release|Win32
		{0D09E404-F1A0-45B3-96CB-F5A68FD1BF5D}.Debug|x64.ActiveCfg = Debug|x64
		{0D09E404-F1A0-45B3-96CB-F5A68FD1BF5D}.Debug|x64.Build.0 = Debug|x64
		{0D09E404-F1A0-45B3-96CB-F5A68FD1BF5D}.Debug|x86.ActiveCfg = Debug|Win32
		{0D09E404-F1A0-45B3-96CB-F5A68FD1BF5D}.Debug|x86.Build.0 = Debug|Win32
		{0D09E404-F1A0-45B3-96CB-F5A68FD1BF5D}.Release|x64.ActiveCfg = Release|x64
		{0D09E404-F1A0-45B3-96CB-F5A68FD1BF5D}.Release|x64.Build.0 = Release|x64
		{0D09E404-F1A0-45B3-96CB-F5A68FD1BF5D}.Release|x86.ActiveCfg = Release|Win32
		{0D09E404-F1A0-45B3-96CB-F5A68FD1BF5D}.Release|x86.Build.0 = Release|Win32
		{0F802535-8D6A-4E3F-B98C-E4CF55984CC5}.Debug|x64.ActiveCfg = Debug|x64
		{0F802535-8D6A-4E3F-B98C-E4CF55984CC5}.Debug|x64.Build.0 = Debug|x64
		{0F802535-8D6A-4E3F-B98C-E4CF55984CC5}.Debug|x86.ActiveCfg = Debug|Win32
		{0F802535-8D6A-4E3F-B98C-E4CF55984CC5}.Debug|x86.Build.0 = Debug|Win32
		{0F802535-8D6A-4E3F-B98C-E4CF55984CC5}.Release|x64.ActiveCfg = Release|x64
		{0F802535-8D6A-4E3F-B98C-E4CF55984CC5}.Release|x64.Build.0 = Release|x64
		{0F802535-8D6A-4E3F-B98C-E4CF55984CC5}.Release|x86.ActiveCfg = Release|Win32
		{0F802535-8D6A-4E3F-B98C-E4CF55984CC5}.Release|x86.Build.0 = Release|Win32
		{93729E11-DB83-40C1-B37E-163C1DE03F6E}.Debug|x64.ActiveCfg = Debug|x64
		{93729E11-DB83-40C1-B37E-163C1DE03F6E}.Debug|x64.Build.0 = Debug|x64
		{93729E11-DB83-40C1-B37E-163C1DE03F6E}.Debug|x86.ActiveCfg = Debug|Win32
		{93729E11-DB83-40C1-B37E-163C1DE03F6E}.Debug|x86.Build.0 = Debug|Win32
		{93729E11-DB83-40C1-B37E-163C1DE03F6E}.Release|x64.ActiveCfg = Release|x64
		{93729E11-DB83-40C1-B37E-163C1DE03F6E}.Release|x64.Build.0 = Release|x64
		{93729E11-DB83-40C1-B37E-163C1DE03F6E}.Release|x86.ActiveCfg = Release|Win32
		{93729E11-DB83-40C1-B37E-163C1DE03F6E}.Release|x86.Build.0 = Release|Win32
		{2614139D-8B37-4CAC-A93B-D4A0E4961DCA}.Debug|x64.ActiveCfg = Debug|x64
		{2614139D-8B37-4CAC-A93B-D4A0E4961DCA}.Debug|x64.Build.0 = Debug|x64
		{2614139D-8B37-4CAC-A93B-D4A0E4961DCA}.Debug|x86.ActiveCfg = Debug|Win32
		{2614139D-8B37-4CAC-A93B-D4A0E4961DCA}.Debug|x86.Build.0 = Debug|Win32
		{2614139D-8B37-4CAC-A93B-D4A0E4961DCA}.Release|x64.ActiveCfg = Release|x64
		{2614139D-8B37-4CAC-A93B-D4A0E4961DCA}.Release|x64.Build.0 = Release|x64
		{2614139D-8B37-4CAC-A93B-D4A0E4961DCA}.Release|x86.ActiveCfg = Release|Win32
		{2614139D-8B37-4CAC-A93B-D4A0E4961DCA}.Release|x86.Build.0 = Release|Win32
		{8871E32C-A06F-4A74-8468-35B2144D82C8}.Debug|x64.ActiveCfg = Debug|x64
		{8871E32C-A06F-4A74-8468-35B2144D82C8}.Debug|x64.Build.0 = Debug|x64
		{8871E32C-A06F-4A74-8468-35B2144D82C8}.Debug|x86.ActiveCfg = Debug|Win32
		{8871E32C-A06F-4A74-8468-35B2144D82C8}.Debug|x86.Build.0 = Debug|Win32
		{8871E32C-A06F-4A74-8468-35B2144D82C8}.Release|x64.ActiveCfg = Release|x64
		{8871E32C-A06F-4A74-8468-35B2144D82C8}.Release|x64.Build.0 = Release|x64
		{8871E32C-A06F-4A74-8468-35B2144D82C8}.Release|x86.ActiveCfg = Release|Win32
		{8871E32C-A06F-4A74-8468-35B2144D82C8}.Release|x86.Build.0 = Release|Win32
		{3DFA50F8-ECB4-4A35-A738-A7C7CFF6CF08}.Debug|x64.ActiveCfg = Debug|x64
		{3DFA50F8-ECB4-4A35-A738-A7C7CFF6CF08}.Debug|x64.Build.0 = Debug|x64
		{3DFA50F8-ECB4-4A35-A738-A7C7CFF6CF08}.Debug|x86.ActiveCfg = Debug|Win32
		{3DFA50F8-ECB4-4A35-A738-A7C7CFF6CF08}.Debug|x86.Build.0 = Debug|Win32
		{3DFA50F8-ECB4-4A35-A738-A7C7CFF6CF08}.Release|x64.ActiveCfg = Release|x64
		{3DFA50F8-ECB4-4A35-A738-A7C7CFF6CF08}.Release|x64.Build.0 = Release|x64
		{3DFA50F8-ECB4-4A35-A738-A7C7CFF6CF08}.Release|x86.ActiveCfg = Release|Win32
		{3DFA50F8-ECB4-4A35-A738-A7C7CFF6CF08}.Release|x86.Build.0 = Release|Win32
		{10E3FAC1-66D8-450C-98D2-D37ECBFC945E}.Debug|x64.ActiveCfg = Debug|x64
		{10E3FAC1-66D8-450C-98D2-D37ECBFC945E}.Debug|x64.Build.0 = Debug|x64
		{10E3FAC1-66D8-450C-98D2-D37ECBFC945E}.Debug|x86.ActiveCfg = Debug|Win32
		{10E3FAC1-66D8-450C-98D2-D37ECBFC945E}.Debug|x86.Build.0 = Debug|Win32
		{10E3FAC1-66D8-450C-98D2-D37ECBFC945E}.Release|x64.ActiveCfg = Release|x64
		{10E3FAC1-66D8-450C-98D2-D37ECBFC945E}.Release|x64.Build.0 = Release|x64
		{10E3FAC1-66D8-450C-98D2-D37ECBFC945E}.Release|x86.ActiveCfg = Release|Win32
		{10E3FAC1-66D8-450C-98D2-D37ECBFC945E}.Release|x86.Build.0 = Release|Win32
		{A988ED02-512E-4154-848A-23CECB3EEF1A}.Debug|x64.ActiveCfg = Debug|x64
		{A988ED02-512E-4154-848A-23CECB3EEF1A}.Debug|x64.Build.0 = Debug|x64
		{A988ED02-512E-4154-848A-23CECB3EEF1A}.Debug|x86.ActiveCfg = Debug|Win32
		{A988ED02-512E-4154-848A-23CECB3EEF1A}.Debug|x86.Build.0 = Debug|Win32
		{A988ED02-512E-4154-848A-23CECB3EEF1A}.Release|x64.ActiveCfg = Release|x64
		{A988ED02-512E-4154-848A-23CECB3EEF1A}.Release|x64.Build.0 = Release|x64
		{A988ED02-512E-4154-848A-23CECB3EEF1A}.Release|x86.ActiveCfg = Release|Win32
		{A988ED02-512E-4154-848A-23CECB3EEF1A}.Release|x86.Build.0 = Release|Win32
		{0246C713-C3A5-4BB3-A5FE-969CF76E2F92}.Debug|x64.ActiveCfg = Debug|x64
		{0246C713-C3A5-4BB3-A5FE-969CF76E2F92}.Debug|x64.Build.0 = Debug|x64
		{0246C713-C3A5-4BB3-A5FE-969CF76E2F92}.Debug|x86.ActiveCfg = Debug|Win32
		{0246C713-C3A5-4BB3-A5FE-969CF76E2F92}.Debug|x86.Build.0 = Debug|Win32
		{0246C713-C3A5-4BB3-A5FE-969CF76E2F92}.Release|x64.ActiveCfg = Release|x64
		{0246C713-C3A5-4BB3-A5FE-969CF76E2F92}.Release|x64.Build.0 = Release|x64
		{0246C713-C3A5-4BB3-A5FE-969CF76E2F92}.Release|x86.ActiveCfg = Release|Win32
		{0246C713-C3A5-4BB3-A5FE-969CF76E2F92}.Release|x86.Build.0 = Release|Win32
		{D887730E-4231-4DFC-BD5E-6CE3D75A4FE4}.Debug|x64.ActiveCfg = Debug|x64
		{D887730E-4231-4DFC-BD5E-6CE3D75A4FE4}.Debug|x64.Build.0 = Debug|x64
		{D887730E-4231-4DFC-BD5E-6CE3D75A4FE4}.Debug|x86.ActiveCfg = Debug|Win32
		{D887730E-4231-4DFC-BD5E-6CE3D75A4FE4}.Debug|x86.Build.0 = Debug|Win32
		{D887730E-4231-4DFC-BD5E-6CE3D75A4FE4}.Release|x64.ActiveCfg = Release|x64
		{D887730E-4231-4DFC-BD5E-6CE3D75A4FE4}.Release|x64.Build.0 = Release|x64
		{D887730E-4231-4DFC-BD5E-6CE3D75A4FE4}.Release|x86.ActiveCfg = Release|Win32
		{D887730E-4231-4DFC-BD5E-6CE3D75A4FE4}.Release|x86.Build.0 = Release|Win32
	EndGlobalSection
	GlobalSection(SolutionProperties) = preSolution
		HideSolutionNode = FALSE
	EndGlobalSection
	GlobalSection(ExtensibilityGlobals) = postSolution
		SolutionGuid = {27192F50-4ACC-4C74-917C-B01FC0E48DCC}
	EndGlobalSection
EndGlobal
